
Microsoft Visual Studio Solution File, Format Version 12.00
# Visual Studio 14
VisualStudioVersion = 14.0.25420.1
MinimumVisualStudioVersion = 10.0.40219.1
Project("{FAE04EC0-301F-11D3-BF4B-00C04F79EFBC}") = "XamarinSomma", "XamarinSomma\XamarinSomma\XamarinSomma.csproj", "{2F32C7D2-676A-4C8D-93A4-B2818A4AC6B1}"
EndProject
Project("{FAE04EC0-301F-11D3-BF4B-00C04F79EFBC}") = "XamarinSomma.Droid", "XamarinSomma\XamarinSomma.Droid\XamarinSomma.Droid.csproj", "{7ABEC39F-5F72-4F23-8E11-426477C88B1A}"
EndProject
Project("{FAE04EC0-301F-11D3-BF4B-00C04F79EFBC}") = "XamarinSomma.iOS", "XamarinSomma\XamarinSomma.iOS\XamarinSomma.iOS.csproj", "{211B4F57-1275-4AC8-A7A5-DA19DAF3E583}"
EndProject
Project("{FAE04EC0-301F-11D3-BF4B-00C04F79EFBC}") = "XamarinSomma.WinPhone", "XamarinSomma\XamarinSomma.WinPhone\XamarinSomma.WinPhone.csproj", "{C6291C4A-4A2E-425E-A05D-D9361D7716E5}"
EndProject
Project("{FAE04EC0-301F-11D3-BF4B-00C04F79EFBC}") = "XamarinSomma.UWP", "XamarinSomma\XamarinSomma.UWP\XamarinSomma.UWP.csproj", "{998CE50C-B4DA-4AC9-94ED-5E7C946A6BFA}"
EndProject
Project("{FAE04EC0-301F-11D3-BF4B-00C04F79EFBC}") = "XamarinSomma.Windows", "XamarinSomma\XamarinSomma.Windows\XamarinSomma.Windows.csproj", "{8041C58B-6F87-4996-BD29-540A716C6D25}"
EndProject
Global
	GlobalSection(SolutionConfigurationPlatforms) = preSolution
		Ad-Hoc|Any CPU = Ad-Hoc|Any CPU
		Ad-Hoc|ARM = Ad-Hoc|ARM
		Ad-Hoc|iPhone = Ad-Hoc|iPhone
		Ad-Hoc|iPhoneSimulator = Ad-Hoc|iPhoneSimulator
		Ad-Hoc|x64 = Ad-Hoc|x64
		Ad-Hoc|x86 = Ad-Hoc|x86
		AppStore|Any CPU = AppStore|Any CPU
		AppStore|ARM = AppStore|ARM
		AppStore|iPhone = AppStore|iPhone
		AppStore|iPhoneSimulator = AppStore|iPhoneSimulator
		AppStore|x64 = AppStore|x64
		AppStore|x86 = AppStore|x86
		Debug|Any CPU = Debug|Any CPU
		Debug|ARM = Debug|ARM
		Debug|iPhone = Debug|iPhone
		Debug|iPhoneSimulator = Debug|iPhoneSimulator
		Debug|x64 = Debug|x64
		Debug|x86 = Debug|x86
		Release|Any CPU = Release|Any CPU
		Release|ARM = Release|ARM
		Release|iPhone = Release|iPhone
		Release|iPhoneSimulator = Release|iPhoneSimulator
		Release|x64 = Release|x64
		Release|x86 = Release|x86
	EndGlobalSection
	GlobalSection(ProjectConfigurationPlatforms) = postSolution
		{2F32C7D2-676A-4C8D-93A4-B2818A4AC6B1}.Ad-Hoc|Any CPU.ActiveCfg = Release|Any CPU
		{2F32C7D2-676A-4C8D-93A4-B2818A4AC6B1}.Ad-Hoc|Any CPU.Build.0 = Release|Any CPU
		{2F32C7D2-676A-4C8D-93A4-B2818A4AC6B1}.Ad-Hoc|ARM.ActiveCfg = Release|Any CPU
		{2F32C7D2-676A-4C8D-93A4-B2818A4AC6B1}.Ad-Hoc|ARM.Build.0 = Release|Any CPU
		{2F32C7D2-676A-4C8D-93A4-B2818A4AC6B1}.Ad-Hoc|iPhone.ActiveCfg = Release|Any CPU
		{2F32C7D2-676A-4C8D-93A4-B2818A4AC6B1}.Ad-Hoc|iPhone.Build.0 = Release|Any CPU
		{2F32C7D2-676A-4C8D-93A4-B2818A4AC6B1}.Ad-Hoc|iPhoneSimulator.ActiveCfg = Release|Any CPU
		{2F32C7D2-676A-4C8D-93A4-B2818A4AC6B1}.Ad-Hoc|iPhoneSimulator.Build.0 = Release|Any CPU
		{2F32C7D2-676A-4C8D-93A4-B2818A4AC6B1}.Ad-Hoc|x64.ActiveCfg = Release|Any CPU
		{2F32C7D2-676A-4C8D-93A4-B2818A4AC6B1}.Ad-Hoc|x64.Build.0 = Release|Any CPU
		{2F32C7D2-676A-4C8D-93A4-B2818A4AC6B1}.Ad-Hoc|x86.ActiveCfg = Release|Any CPU
		{2F32C7D2-676A-4C8D-93A4-B2818A4AC6B1}.Ad-Hoc|x86.Build.0 = Release|Any CPU
		{2F32C7D2-676A-4C8D-93A4-B2818A4AC6B1}.AppStore|Any CPU.ActiveCfg = Release|Any CPU
		{2F32C7D2-676A-4C8D-93A4-B2818A4AC6B1}.AppStore|Any CPU.Build.0 = Release|Any CPU
		{2F32C7D2-676A-4C8D-93A4-B2818A4AC6B1}.AppStore|ARM.ActiveCfg = Release|Any CPU
		{2F32C7D2-676A-4C8D-93A4-B2818A4AC6B1}.AppStore|ARM.Build.0 = Release|Any CPU
		{2F32C7D2-676A-4C8D-93A4-B2818A4AC6B1}.AppStore|iPhone.ActiveCfg = Release|Any CPU
		{2F32C7D2-676A-4C8D-93A4-B2818A4AC6B1}.AppStore|iPhone.Build.0 = Release|Any CPU
		{2F32C7D2-676A-4C8D-93A4-B2818A4AC6B1}.AppStore|iPhoneSimulator.ActiveCfg = Release|Any CPU
		{2F32C7D2-676A-4C8D-93A4-B2818A4AC6B1}.AppStore|iPhoneSimulator.Build.0 = Release|Any CPU
		{2F32C7D2-676A-4C8D-93A4-B2818A4AC6B1}.AppStore|x64.ActiveCfg = Release|Any CPU
		{2F32C7D2-676A-4C8D-93A4-B2818A4AC6B1}.AppStore|x64.Build.0 = Release|Any CPU
		{2F32C7D2-676A-4C8D-93A4-B2818A4AC6B1}.AppStore|x86.ActiveCfg = Release|Any CPU
		{2F32C7D2-676A-4C8D-93A4-B2818A4AC6B1}.AppStore|x86.Build.0 = Release|Any CPU
		{2F32C7D2-676A-4C8D-93A4-B2818A4AC6B1}.Debug|Any CPU.ActiveCfg = Debug|Any CPU
		{2F32C7D2-676A-4C8D-93A4-B2818A4AC6B1}.Debug|Any CPU.Build.0 = Debug|Any CPU
		{2F32C7D2-676A-4C8D-93A4-B2818A4AC6B1}.Debug|ARM.ActiveCfg = Debug|Any CPU
		{2F32C7D2-676A-4C8D-93A4-B2818A4AC6B1}.Debug|ARM.Build.0 = Debug|Any CPU
		{2F32C7D2-676A-4C8D-93A4-B2818A4AC6B1}.Debug|iPhone.ActiveCfg = Debug|Any CPU
		{2F32C7D2-676A-4C8D-93A4-B2818A4AC6B1}.Debug|iPhone.Build.0 = Debug|Any CPU
		{2F32C7D2-676A-4C8D-93A4-B2818A4AC6B1}.Debug|iPhoneSimulator.ActiveCfg = Debug|Any CPU
		{2F32C7D2-676A-4C8D-93A4-B2818A4AC6B1}.Debug|iPhoneSimulator.Build.0 = Debug|Any CPU
		{2F32C7D2-676A-4C8D-93A4-B2818A4AC6B1}.Debug|x64.ActiveCfg = Debug|Any CPU
		{2F32C7D2-676A-4C8D-93A4-B2818A4AC6B1}.Debug|x64.Build.0 = Debug|Any CPU
		{2F32C7D2-676A-4C8D-93A4-B2818A4AC6B1}.Debug|x86.ActiveCfg = Debug|Any CPU
		{2F32C7D2-676A-4C8D-93A4-B2818A4AC6B1}.Debug|x86.Build.0 = Debug|Any CPU
		{2F32C7D2-676A-4C8D-93A4-B2818A4AC6B1}.Release|Any CPU.ActiveCfg = Release|Any CPU
		{2F32C7D2-676A-4C8D-93A4-B2818A4AC6B1}.Release|Any CPU.Build.0 = Release|Any CPU
		{2F32C7D2-676A-4C8D-93A4-B2818A4AC6B1}.Release|ARM.ActiveCfg = Release|Any CPU
		{2F32C7D2-676A-4C8D-93A4-B2818A4AC6B1}.Release|ARM.Build.0 = Release|Any CPU
		{2F32C7D2-676A-4C8D-93A4-B2818A4AC6B1}.Release|iPhone.ActiveCfg = Release|Any CPU
		{2F32C7D2-676A-4C8D-93A4-B2818A4AC6B1}.Release|iPhone.Build.0 = Release|Any CPU
		{2F32C7D2-676A-4C8D-93A4-B2818A4AC6B1}.Release|iPhoneSimulator.ActiveCfg = Release|Any CPU
		{2F32C7D2-676A-4C8D-93A4-B2818A4AC6B1}.Release|iPhoneSimulator.Build.0 = Release|Any CPU
		{2F32C7D2-676A-4C8D-93A4-B2818A4AC6B1}.Release|x64.ActiveCfg = Release|Any CPU
		{2F32C7D2-676A-4C8D-93A4-B2818A4AC6B1}.Release|x64.Build.0 = Release|Any CPU
		{2F32C7D2-676A-4C8D-93A4-B2818A4AC6B1}.Release|x86.ActiveCfg = Release|Any CPU
		{2F32C7D2-676A-4C8D-93A4-B2818A4AC6B1}.Release|x86.Build.0 = Release|Any CPU
		{7ABEC39F-5F72-4F23-8E11-426477C88B1A}.Ad-Hoc|Any CPU.ActiveCfg = Release|Any CPU
		{7ABEC39F-5F72-4F23-8E11-426477C88B1A}.Ad-Hoc|Any CPU.Build.0 = Release|Any CPU
		{7ABEC39F-5F72-4F23-8E11-426477C88B1A}.Ad-Hoc|Any CPU.Deploy.0 = Release|Any CPU
		{7ABEC39F-5F72-4F23-8E11-426477C88B1A}.Ad-Hoc|ARM.ActiveCfg = Release|Any CPU
		{7ABEC39F-5F72-4F23-8E11-426477C88B1A}.Ad-Hoc|ARM.Build.0 = Release|Any CPU
		{7ABEC39F-5F72-4F23-8E11-426477C88B1A}.Ad-Hoc|ARM.Deploy.0 = Release|Any CPU
		{7ABEC39F-5F72-4F23-8E11-426477C88B1A}.Ad-Hoc|iPhone.ActiveCfg = Release|Any CPU
		{7ABEC39F-5F72-4F23-8E11-426477C88B1A}.Ad-Hoc|iPhone.Build.0 = Release|Any CPU
		{7ABEC39F-5F72-4F23-8E11-426477C88B1A}.Ad-Hoc|iPhone.Deploy.0 = Release|Any CPU
		{7ABEC39F-5F72-4F23-8E11-426477C88B1A}.Ad-Hoc|iPhoneSimulator.ActiveCfg = Release|Any CPU
		{7ABEC39F-5F72-4F23-8E11-426477C88B1A}.Ad-Hoc|iPhoneSimulator.Build.0 = Release|Any CPU
		{7ABEC39F-5F72-4F23-8E11-426477C88B1A}.Ad-Hoc|iPhoneSimulator.Deploy.0 = Release|Any CPU
		{7ABEC39F-5F72-4F23-8E11-426477C88B1A}.Ad-Hoc|x64.ActiveCfg = Release|Any CPU
		{7ABEC39F-5F72-4F23-8E11-426477C88B1A}.Ad-Hoc|x64.Build.0 = Release|Any CPU
		{7ABEC39F-5F72-4F23-8E11-426477C88B1A}.Ad-Hoc|x64.Deploy.0 = Release|Any CPU
		{7ABEC39F-5F72-4F23-8E11-426477C88B1A}.Ad-Hoc|x86.ActiveCfg = Release|Any CPU
		{7ABEC39F-5F72-4F23-8E11-426477C88B1A}.Ad-Hoc|x86.Build.0 = Release|Any CPU
		{7ABEC39F-5F72-4F23-8E11-426477C88B1A}.Ad-Hoc|x86.Deploy.0 = Release|Any CPU
		{7ABEC39F-5F72-4F23-8E11-426477C88B1A}.AppStore|Any CPU.ActiveCfg = Release|Any CPU
		{7ABEC39F-5F72-4F23-8E11-426477C88B1A}.AppStore|Any CPU.Build.0 = Release|Any CPU
		{7ABEC39F-5F72-4F23-8E11-426477C88B1A}.AppStore|Any CPU.Deploy.0 = Release|Any CPU
		{7ABEC39F-5F72-4F23-8E11-426477C88B1A}.AppStore|ARM.ActiveCfg = Release|Any CPU
		{7ABEC39F-5F72-4F23-8E11-426477C88B1A}.AppStore|ARM.Build.0 = Release|Any CPU
		{7ABEC39F-5F72-4F23-8E11-426477C88B1A}.AppStore|ARM.Deploy.0 = Release|Any CPU
		{7ABEC39F-5F72-4F23-8E11-426477C88B1A}.AppStore|iPhone.ActiveCfg = Release|Any CPU
		{7ABEC39F-5F72-4F23-8E11-426477C88B1A}.AppStore|iPhone.Build.0 = Release|Any CPU
		{7ABEC39F-5F72-4F23-8E11-426477C88B1A}.AppStore|iPhone.Deploy.0 = Release|Any CPU
		{7ABEC39F-5F72-4F23-8E11-426477C88B1A}.AppStore|iPhoneSimulator.ActiveCfg = Release|Any CPU
		{7ABEC39F-5F72-4F23-8E11-426477C88B1A}.AppStore|iPhoneSimulator.Build.0 = Release|Any CPU
		{7ABEC39F-5F72-4F23-8E11-426477C88B1A}.AppStore|iPhoneSimulator.Deploy.0 = Release|Any CPU
		{7ABEC39F-5F72-4F23-8E11-426477C88B1A}.AppStore|x64.ActiveCfg = Release|Any CPU
		{7ABEC39F-5F72-4F23-8E11-426477C88B1A}.AppStore|x64.Build.0 = Release|Any CPU
		{7ABEC39F-5F72-4F23-8E11-426477C88B1A}.AppStore|x64.Deploy.0 = Release|Any CPU
		{7ABEC39F-5F72-4F23-8E11-426477C88B1A}.AppStore|x86.ActiveCfg = Release|Any CPU
		{7ABEC39F-5F72-4F23-8E11-426477C88B1A}.AppStore|x86.Build.0 = Release|Any CPU
		{7ABEC39F-5F72-4F23-8E11-426477C88B1A}.AppStore|x86.Deploy.0 = Release|Any CPU
		{7ABEC39F-5F72-4F23-8E11-426477C88B1A}.Debug|Any CPU.ActiveCfg = Debug|Any CPU
		{7ABEC39F-5F72-4F23-8E11-426477C88B1A}.Debug|Any CPU.Build.0 = Debug|Any CPU
		{7ABEC39F-5F72-4F23-8E11-426477C88B1A}.Debug|Any CPU.Deploy.0 = Debug|Any CPU
		{7ABEC39F-5F72-4F23-8E11-426477C88B1A}.Debug|ARM.ActiveCfg = Debug|Any CPU
		{7ABEC39F-5F72-4F23-8E11-426477C88B1A}.Debug|ARM.Build.0 = Debug|Any CPU
		{7ABEC39F-5F72-4F23-8E11-426477C88B1A}.Debug|ARM.Deploy.0 = Debug|Any CPU
		{7ABEC39F-5F72-4F23-8E11-426477C88B1A}.Debug|iPhone.ActiveCfg = Debug|Any CPU
		{7ABEC39F-5F72-4F23-8E11-426477C88B1A}.Debug|iPhone.Build.0 = Debug|Any CPU
		{7ABEC39F-5F72-4F23-8E11-426477C88B1A}.Debug|iPhone.Deploy.0 = Debug|Any CPU
		{7ABEC39F-5F72-4F23-8E11-426477C88B1A}.Debug|iPhoneSimulator.ActiveCfg = Debug|Any CPU
		{7ABEC39F-5F72-4F23-8E11-426477C88B1A}.Debug|iPhoneSimulator.Build.0 = Debug|Any CPU
		{7ABEC39F-5F72-4F23-8E11-426477C88B1A}.Debug|iPhoneSimulator.Deploy.0 = Debug|Any CPU
		{7ABEC39F-5F72-4F23-8E11-426477C88B1A}.Debug|x64.ActiveCfg = Debug|Any CPU
		{7ABEC39F-5F72-4F23-8E11-426477C88B1A}.Debug|x64.Build.0 = Debug|Any CPU
		{7ABEC39F-5F72-4F23-8E11-426477C88B1A}.Debug|x64.Deploy.0 = Debug|Any CPU
		{7ABEC39F-5F72-4F23-8E11-426477C88B1A}.Debug|x86.ActiveCfg = Debug|Any CPU
		{7ABEC39F-5F72-4F23-8E11-426477C88B1A}.Debug|x86.Build.0 = Debug|Any CPU
		{7ABEC39F-5F72-4F23-8E11-426477C88B1A}.Debug|x86.Deploy.0 = Debug|Any CPU
		{7ABEC39F-5F72-4F23-8E11-426477C88B1A}.Release|Any CPU.ActiveCfg = Release|Any CPU
		{7ABEC39F-5F72-4F23-8E11-426477C88B1A}.Release|Any CPU.Build.0 = Release|Any CPU
		{7ABEC39F-5F72-4F23-8E11-426477C88B1A}.Release|Any CPU.Deploy.0 = Release|Any CPU
		{7ABEC39F-5F72-4F23-8E11-426477C88B1A}.Release|ARM.ActiveCfg = Release|Any CPU
		{7ABEC39F-5F72-4F23-8E11-426477C88B1A}.Release|ARM.Build.0 = Release|Any CPU
		{7ABEC39F-5F72-4F23-8E11-426477C88B1A}.Release|ARM.Deploy.0 = Release|Any CPU
		{7ABEC39F-5F72-4F23-8E11-426477C88B1A}.Release|iPhone.ActiveCfg = Release|Any CPU
		{7ABEC39F-5F72-4F23-8E11-426477C88B1A}.Release|iPhone.Build.0 = Release|Any CPU
		{7ABEC39F-5F72-4F23-8E11-426477C88B1A}.Release|iPhone.Deploy.0 = Release|Any CPU
		{7ABEC39F-5F72-4F23-8E11-426477C88B1A}.Release|iPhoneSimulator.ActiveCfg = Release|Any CPU
		{7ABEC39F-5F72-4F23-8E11-426477C88B1A}.Release|iPhoneSimulator.Build.0 = Release|Any CPU
		{7ABEC39F-5F72-4F23-8E11-426477C88B1A}.Release|iPhoneSimulator.Deploy.0 = Release|Any CPU
		{7ABEC39F-5F72-4F23-8E11-426477C88B1A}.Release|x64.ActiveCfg = Release|Any CPU
		{7ABEC39F-5F72-4F23-8E11-426477C88B1A}.Release|x64.Build.0 = Release|Any CPU
		{7ABEC39F-5F72-4F23-8E11-426477C88B1A}.Release|x64.Deploy.0 = Release|Any CPU
		{7ABEC39F-5F72-4F23-8E11-426477C88B1A}.Release|x86.ActiveCfg = Release|Any CPU
		{7ABEC39F-5F72-4F23-8E11-426477C88B1A}.Release|x86.Build.0 = Release|Any CPU
		{7ABEC39F-5F72-4F23-8E11-426477C88B1A}.Release|x86.Deploy.0 = Release|Any CPU
		{211B4F57-1275-4AC8-A7A5-DA19DAF3E583}.Ad-Hoc|Any CPU.ActiveCfg = Ad-Hoc|iPhone
		{211B4F57-1275-4AC8-A7A5-DA19DAF3E583}.Ad-Hoc|ARM.ActiveCfg = Ad-Hoc|iPhone
		{211B4F57-1275-4AC8-A7A5-DA19DAF3E583}.Ad-Hoc|iPhone.ActiveCfg = Ad-Hoc|iPhone
		{211B4F57-1275-4AC8-A7A5-DA19DAF3E583}.Ad-Hoc|iPhone.Build.0 = Ad-Hoc|iPhone
		{211B4F57-1275-4AC8-A7A5-DA19DAF3E583}.Ad-Hoc|iPhoneSimulator.ActiveCfg = Ad-Hoc|iPhoneSimulator
		{211B4F57-1275-4AC8-A7A5-DA19DAF3E583}.Ad-Hoc|iPhoneSimulator.Build.0 = Ad-Hoc|iPhoneSimulator
		{211B4F57-1275-4AC8-A7A5-DA19DAF3E583}.Ad-Hoc|x64.ActiveCfg = Ad-Hoc|iPhone
		{211B4F57-1275-4AC8-A7A5-DA19DAF3E583}.Ad-Hoc|x86.ActiveCfg = Ad-Hoc|iPhone
		{211B4F57-1275-4AC8-A7A5-DA19DAF3E583}.AppStore|Any CPU.ActiveCfg = AppStore|iPhone
		{211B4F57-1275-4AC8-A7A5-DA19DAF3E583}.AppStore|ARM.ActiveCfg = AppStore|iPhone
		{211B4F57-1275-4AC8-A7A5-DA19DAF3E583}.AppStore|iPhone.ActiveCfg = AppStore|iPhone
		{211B4F57-1275-4AC8-A7A5-DA19DAF3E583}.AppStore|iPhone.Build.0 = AppStore|iPhone
		{211B4F57-1275-4AC8-A7A5-DA19DAF3E583}.AppStore|iPhoneSimulator.ActiveCfg = AppStore|iPhoneSimulator
		{211B4F57-1275-4AC8-A7A5-DA19DAF3E583}.AppStore|iPhoneSimulator.Build.0 = AppStore|iPhoneSimulator
		{211B4F57-1275-4AC8-A7A5-DA19DAF3E583}.AppStore|x64.ActiveCfg = AppStore|iPhone
		{211B4F57-1275-4AC8-A7A5-DA19DAF3E583}.AppStore|x86.ActiveCfg = AppStore|iPhone
		{211B4F57-1275-4AC8-A7A5-DA19DAF3E583}.Debug|Any CPU.ActiveCfg = Debug|iPhone
		{211B4F57-1275-4AC8-A7A5-DA19DAF3E583}.Debug|ARM.ActiveCfg = Debug|iPhone
		{211B4F57-1275-4AC8-A7A5-DA19DAF3E583}.Debug|iPhone.ActiveCfg = Debug|iPhone
		{211B4F57-1275-4AC8-A7A5-DA19DAF3E583}.Debug|iPhone.Build.0 = Debug|iPhone
		{211B4F57-1275-4AC8-A7A5-DA19DAF3E583}.Debug|iPhoneSimulator.ActiveCfg = Debug|iPhoneSimulator
		{211B4F57-1275-4AC8-A7A5-DA19DAF3E583}.Debug|iPhoneSimulator.Build.0 = Debug|iPhoneSimulator
		{211B4F57-1275-4AC8-A7A5-DA19DAF3E583}.Debug|x64.ActiveCfg = Debug|iPhone
		{211B4F57-1275-4AC8-A7A5-DA19DAF3E583}.Debug|x86.ActiveCfg = Debug|iPhone
		{211B4F57-1275-4AC8-A7A5-DA19DAF3E583}.Release|Any CPU.ActiveCfg = Release|iPhone
		{211B4F57-1275-4AC8-A7A5-DA19DAF3E583}.Release|ARM.ActiveCfg = Release|iPhone
		{211B4F57-1275-4AC8-A7A5-DA19DAF3E583}.Release|iPhone.ActiveCfg = Release|iPhone
		{211B4F57-1275-4AC8-A7A5-DA19DAF3E583}.Release|iPhone.Build.0 = Release|iPhone
		{211B4F57-1275-4AC8-A7A5-DA19DAF3E583}.Release|iPhoneSimulator.ActiveCfg = Release|iPhoneSimulator
		{211B4F57-1275-4AC8-A7A5-DA19DAF3E583}.Release|iPhoneSimulator.Build.0 = Release|iPhoneSimulator
		{211B4F57-1275-4AC8-A7A5-DA19DAF3E583}.Release|x64.ActiveCfg = Release|iPhone
		{211B4F57-1275-4AC8-A7A5-DA19DAF3E583}.Release|x86.ActiveCfg = Release|iPhone
		{C6291C4A-4A2E-425E-A05D-D9361D7716E5}.Ad-Hoc|Any CPU.ActiveCfg = Release|Any CPU
		{C6291C4A-4A2E-425E-A05D-D9361D7716E5}.Ad-Hoc|Any CPU.Build.0 = Release|Any CPU
		{C6291C4A-4A2E-425E-A05D-D9361D7716E5}.Ad-Hoc|Any CPU.Deploy.0 = Release|Any CPU
		{C6291C4A-4A2E-425E-A05D-D9361D7716E5}.Ad-Hoc|ARM.ActiveCfg = Release|ARM
		{C6291C4A-4A2E-425E-A05D-D9361D7716E5}.Ad-Hoc|ARM.Build.0 = Release|ARM
		{C6291C4A-4A2E-425E-A05D-D9361D7716E5}.Ad-Hoc|ARM.Deploy.0 = Release|ARM
		{C6291C4A-4A2E-425E-A05D-D9361D7716E5}.Ad-Hoc|iPhone.ActiveCfg = Release|Any CPU
		{C6291C4A-4A2E-425E-A05D-D9361D7716E5}.Ad-Hoc|iPhone.Build.0 = Release|Any CPU
		{C6291C4A-4A2E-425E-A05D-D9361D7716E5}.Ad-Hoc|iPhone.Deploy.0 = Release|Any CPU
		{C6291C4A-4A2E-425E-A05D-D9361D7716E5}.Ad-Hoc|iPhoneSimulator.ActiveCfg = Release|Any CPU
		{C6291C4A-4A2E-425E-A05D-D9361D7716E5}.Ad-Hoc|iPhoneSimulator.Build.0 = Release|Any CPU
		{C6291C4A-4A2E-425E-A05D-D9361D7716E5}.Ad-Hoc|iPhoneSimulator.Deploy.0 = Release|Any CPU
		{C6291C4A-4A2E-425E-A05D-D9361D7716E5}.Ad-Hoc|x64.ActiveCfg = Release|Any CPU
		{C6291C4A-4A2E-425E-A05D-D9361D7716E5}.Ad-Hoc|x64.Build.0 = Release|Any CPU
		{C6291C4A-4A2E-425E-A05D-D9361D7716E5}.Ad-Hoc|x64.Deploy.0 = Release|Any CPU
		{C6291C4A-4A2E-425E-A05D-D9361D7716E5}.Ad-Hoc|x86.ActiveCfg = Release|x86
		{C6291C4A-4A2E-425E-A05D-D9361D7716E5}.Ad-Hoc|x86.Build.0 = Release|x86
		{C6291C4A-4A2E-425E-A05D-D9361D7716E5}.Ad-Hoc|x86.Deploy.0 = Release|x86
		{C6291C4A-4A2E-425E-A05D-D9361D7716E5}.AppStore|Any CPU.ActiveCfg = Release|Any CPU
		{C6291C4A-4A2E-425E-A05D-D9361D7716E5}.AppStore|Any CPU.Build.0 = Release|Any CPU
		{C6291C4A-4A2E-425E-A05D-D9361D7716E5}.AppStore|Any CPU.Deploy.0 = Release|Any CPU
		{C6291C4A-4A2E-425E-A05D-D9361D7716E5}.AppStore|ARM.ActiveCfg = Release|ARM
		{C6291C4A-4A2E-425E-A05D-D9361D7716E5}.AppStore|ARM.Build.0 = Release|ARM
		{C6291C4A-4A2E-425E-A05D-D9361D7716E5}.AppStore|ARM.Deploy.0 = Release|ARM
		{C6291C4A-4A2E-425E-A05D-D9361D7716E5}.AppStore|iPhone.ActiveCfg = Release|Any CPU
		{C6291C4A-4A2E-425E-A05D-D9361D7716E5}.AppStore|iPhone.Build.0 = Release|Any CPU
		{C6291C4A-4A2E-425E-A05D-D9361D7716E5}.AppStore|iPhone.Deploy.0 = Release|Any CPU
		{C6291C4A-4A2E-425E-A05D-D9361D7716E5}.AppStore|iPhoneSimulator.ActiveCfg = Release|Any CPU
		{C6291C4A-4A2E-425E-A05D-D9361D7716E5}.AppStore|iPhoneSimulator.Build.0 = Release|Any CPU
		{C6291C4A-4A2E-425E-A05D-D9361D7716E5}.AppStore|iPhoneSimulator.Deploy.0 = Release|Any CPU
		{C6291C4A-4A2E-425E-A05D-D9361D7716E5}.AppStore|x64.ActiveCfg = Release|Any CPU
		{C6291C4A-4A2E-425E-A05D-D9361D7716E5}.AppStore|x64.Build.0 = Release|Any CPU
		{C6291C4A-4A2E-425E-A05D-D9361D7716E5}.AppStore|x64.Deploy.0 = Release|Any CPU
		{C6291C4A-4A2E-425E-A05D-D9361D7716E5}.AppStore|x86.ActiveCfg = Release|x86
		{C6291C4A-4A2E-425E-A05D-D9361D7716E5}.AppStore|x86.Build.0 = Release|x86
		{C6291C4A-4A2E-425E-A05D-D9361D7716E5}.AppStore|x86.Deploy.0 = Release|x86
		{C6291C4A-4A2E-425E-A05D-D9361D7716E5}.Debug|Any CPU.ActiveCfg = Debug|Any CPU
		{C6291C4A-4A2E-425E-A05D-D9361D7716E5}.Debug|Any CPU.Build.0 = Debug|Any CPU
		{C6291C4A-4A2E-425E-A05D-D9361D7716E5}.Debug|Any CPU.Deploy.0 = Debug|Any CPU
		{C6291C4A-4A2E-425E-A05D-D9361D7716E5}.Debug|ARM.ActiveCfg = Debug|ARM
		{C6291C4A-4A2E-425E-A05D-D9361D7716E5}.Debug|ARM.Build.0 = Debug|ARM
		{C6291C4A-4A2E-425E-A05D-D9361D7716E5}.Debug|ARM.Deploy.0 = Debug|ARM
		{C6291C4A-4A2E-425E-A05D-D9361D7716E5}.Debug|iPhone.ActiveCfg = Debug|Any CPU
		{C6291C4A-4A2E-425E-A05D-D9361D7716E5}.Debug|iPhone.Build.0 = Debug|Any CPU
		{C6291C4A-4A2E-425E-A05D-D9361D7716E5}.Debug|iPhone.Deploy.0 = Debug|Any CPU
		{C6291C4A-4A2E-425E-A05D-D9361D7716E5}.Debug|iPhoneSimulator.ActiveCfg = Debug|Any CPU
		{C6291C4A-4A2E-425E-A05D-D9361D7716E5}.Debug|iPhoneSimulator.Build.0 = Debug|Any CPU
		{C6291C4A-4A2E-425E-A05D-D9361D7716E5}.Debug|iPhoneSimulator.Deploy.0 = Debug|Any CPU
		{C6291C4A-4A2E-425E-A05D-D9361D7716E5}.Debug|x64.ActiveCfg = Debug|Any CPU
		{C6291C4A-4A2E-425E-A05D-D9361D7716E5}.Debug|x64.Build.0 = Debug|Any CPU
		{C6291C4A-4A2E-425E-A05D-D9361D7716E5}.Debug|x64.Deploy.0 = Debug|Any CPU
		{C6291C4A-4A2E-425E-A05D-D9361D7716E5}.Debug|x86.ActiveCfg = Debug|x86
		{C6291C4A-4A2E-425E-A05D-D9361D7716E5}.Debug|x86.Build.0 = Debug|x86
		{C6291C4A-4A2E-425E-A05D-D9361D7716E5}.Debug|x86.Deploy.0 = Debug|x86
		{C6291C4A-4A2E-425E-A05D-D9361D7716E5}.Release|Any CPU.ActiveCfg = Release|Any CPU
		{C6291C4A-4A2E-425E-A05D-D9361D7716E5}.Release|Any CPU.Build.0 = Release|Any CPU
		{C6291C4A-4A2E-425E-A05D-D9361D7716E5}.Release|Any CPU.Deploy.0 = Release|Any CPU
		{C6291C4A-4A2E-425E-A05D-D9361D7716E5}.Release|ARM.ActiveCfg = Release|ARM
		{C6291C4A-4A2E-425E-A05D-D9361D7716E5}.Release|ARM.Build.0 = Release|ARM
		{C6291C4A-4A2E-425E-A05D-D9361D7716E5}.Release|ARM.Deploy.0 = Release|ARM
		{C6291C4A-4A2E-425E-A05D-D9361D7716E5}.Release|iPhone.ActiveCfg = Release|Any CPU
		{C6291C4A-4A2E-425E-A05D-D9361D7716E5}.Release|iPhone.Build.0 = Release|Any CPU
		{C6291C4A-4A2E-425E-A05D-D9361D7716E5}.Release|iPhone.Deploy.0 = Release|Any CPU
		{C6291C4A-4A2E-425E-A05D-D9361D7716E5}.Release|iPhoneSimulator.ActiveCfg = Release|Any CPU
		{C6291C4A-4A2E-425E-A05D-D9361D7716E5}.Release|iPhoneSimulator.Build.0 = Release|Any CPU
		{C6291C4A-4A2E-425E-A05D-D9361D7716E5}.Release|iPhoneSimulator.Deploy.0 = Release|Any CPU
		{C6291C4A-4A2E-425E-A05D-D9361D7716E5}.Release|x64.ActiveCfg = Release|Any CPU
		{C6291C4A-4A2E-425E-A05D-D9361D7716E5}.Release|x64.Build.0 = Release|Any CPU
		{C6291C4A-4A2E-425E-A05D-D9361D7716E5}.Release|x64.Deploy.0 = Release|Any CPU
		{C6291C4A-4A2E-425E-A05D-D9361D7716E5}.Release|x86.ActiveCfg = Release|x86
		{C6291C4A-4A2E-425E-A05D-D9361D7716E5}.Release|x86.Build.0 = Release|x86
		{C6291C4A-4A2E-425E-A05D-D9361D7716E5}.Release|x86.Deploy.0 = Release|x86
		{998CE50C-B4DA-4AC9-94ED-5E7C946A6BFA}.Ad-Hoc|Any CPU.ActiveCfg = Release|x86
		{998CE50C-B4DA-4AC9-94ED-5E7C946A6BFA}.Ad-Hoc|Any CPU.Build.0 = Release|x86
		{998CE50C-B4DA-4AC9-94ED-5E7C946A6BFA}.Ad-Hoc|Any CPU.Deploy.0 = Release|x86
		{998CE50C-B4DA-4AC9-94ED-5E7C946A6BFA}.Ad-Hoc|ARM.ActiveCfg = Release|ARM
		{998CE50C-B4DA-4AC9-94ED-5E7C946A6BFA}.Ad-Hoc|ARM.Build.0 = Release|ARM
		{998CE50C-B4DA-4AC9-94ED-5E7C946A6BFA}.Ad-Hoc|ARM.Deploy.0 = Release|ARM
		{998CE50C-B4DA-4AC9-94ED-5E7C946A6BFA}.Ad-Hoc|iPhone.ActiveCfg = Release|x86
		{998CE50C-B4DA-4AC9-94ED-5E7C946A6BFA}.Ad-Hoc|iPhone.Build.0 = Release|x86
		{998CE50C-B4DA-4AC9-94ED-5E7C946A6BFA}.Ad-Hoc|iPhone.Deploy.0 = Release|x86
		{998CE50C-B4DA-4AC9-94ED-5E7C946A6BFA}.Ad-Hoc|iPhoneSimulator.ActiveCfg = Release|x86
		{998CE50C-B4DA-4AC9-94ED-5E7C946A6BFA}.Ad-Hoc|iPhoneSimulator.Build.0 = Release|x86
		{998CE50C-B4DA-4AC9-94ED-5E7C946A6BFA}.Ad-Hoc|iPhoneSimulator.Deploy.0 = Release|x86
		{998CE50C-B4DA-4AC9-94ED-5E7C946A6BFA}.Ad-Hoc|x64.ActiveCfg = Release|x64
		{998CE50C-B4DA-4AC9-94ED-5E7C946A6BFA}.Ad-Hoc|x64.Build.0 = Release|x64
		{998CE50C-B4DA-4AC9-94ED-5E7C946A6BFA}.Ad-Hoc|x64.Deploy.0 = Release|x64
		{998CE50C-B4DA-4AC9-94ED-5E7C946A6BFA}.Ad-Hoc|x86.ActiveCfg = Release|x86
		{998CE50C-B4DA-4AC9-94ED-5E7C946A6BFA}.Ad-Hoc|x86.Build.0 = Release|x86
		{998CE50C-B4DA-4AC9-94ED-5E7C946A6BFA}.Ad-Hoc|x86.Deploy.0 = Release|x86
		{998CE50C-B4DA-4AC9-94ED-5E7C946A6BFA}.AppStore|Any CPU.ActiveCfg = Release|x86
		{998CE50C-B4DA-4AC9-94ED-5E7C946A6BFA}.AppStore|Any CPU.Build.0 = Release|x86
		{998CE50C-B4DA-4AC9-94ED-5E7C946A6BFA}.AppStore|Any CPU.Deploy.0 = Release|x86
		{998CE50C-B4DA-4AC9-94ED-5E7C946A6BFA}.AppStore|ARM.ActiveCfg = Release|ARM
		{998CE50C-B4DA-4AC9-94ED-5E7C946A6BFA}.AppStore|ARM.Build.0 = Release|ARM
		{998CE50C-B4DA-4AC9-94ED-5E7C946A6BFA}.AppStore|ARM.Deploy.0 = Release|ARM
		{998CE50C-B4DA-4AC9-94ED-5E7C946A6BFA}.AppStore|iPhone.ActiveCfg = Release|x86
		{998CE50C-B4DA-4AC9-94ED-5E7C946A6BFA}.AppStore|iPhone.Build.0 = Release|x86
		{998CE50C-B4DA-4AC9-94ED-5E7C946A6BFA}.AppStore|iPhone.Deploy.0 = Release|x86
		{998CE50C-B4DA-4AC9-94ED-5E7C946A6BFA}.AppStore|iPhoneSimulator.ActiveCfg = Release|x86
		{998CE50C-B4DA-4AC9-94ED-5E7C946A6BFA}.AppStore|iPhoneSimulator.Build.0 = Release|x86
		{998CE50C-B4DA-4AC9-94ED-5E7C946A6BFA}.AppStore|iPhoneSimulator.Deploy.0 = Release|x86
		{998CE50C-B4DA-4AC9-94ED-5E7C946A6BFA}.AppStore|x64.ActiveCfg = Release|x64
		{998CE50C-B4DA-4AC9-94ED-5E7C946A6BFA}.AppStore|x64.Build.0 = Release|x64
		{998CE50C-B4DA-4AC9-94ED-5E7C946A6BFA}.AppStore|x64.Deploy.0 = Release|x64
		{998CE50C-B4DA-4AC9-94ED-5E7C946A6BFA}.AppStore|x86.ActiveCfg = Release|x86
		{998CE50C-B4DA-4AC9-94ED-5E7C946A6BFA}.AppStore|x86.Build.0 = Release|x86
		{998CE50C-B4DA-4AC9-94ED-5E7C946A6BFA}.AppStore|x86.Deploy.0 = Release|x86
		{998CE50C-B4DA-4AC9-94ED-5E7C946A6BFA}.Debug|Any CPU.ActiveCfg = Debug|x86
		{998CE50C-B4DA-4AC9-94ED-5E7C946A6BFA}.Debug|ARM.ActiveCfg = Debug|ARM
		{998CE50C-B4DA-4AC9-94ED-5E7C946A6BFA}.Debug|ARM.Build.0 = Debug|ARM
		{998CE50C-B4DA-4AC9-94ED-5E7C946A6BFA}.Debug|ARM.Deploy.0 = Debug|ARM
		{998CE50C-B4DA-4AC9-94ED-5E7C946A6BFA}.Debug|iPhone.ActiveCfg = Debug|x86
		{998CE50C-B4DA-4AC9-94ED-5E7C946A6BFA}.Debug|iPhoneSimulator.ActiveCfg = Debug|x86
		{998CE50C-B4DA-4AC9-94ED-5E7C946A6BFA}.Debug|x64.ActiveCfg = Debug|x64
		{998CE50C-B4DA-4AC9-94ED-5E7C946A6BFA}.Debug|x64.Build.0 = Debug|x64
		{998CE50C-B4DA-4AC9-94ED-5E7C946A6BFA}.Debug|x64.Deploy.0 = Debug|x64
		{998CE50C-B4DA-4AC9-94ED-5E7C946A6BFA}.Debug|x86.ActiveCfg = Debug|x86
		{998CE50C-B4DA-4AC9-94ED-5E7C946A6BFA}.Debug|x86.Build.0 = Debug|x86
		{998CE50C-B4DA-4AC9-94ED-5E7C946A6BFA}.Debug|x86.Deploy.0 = Debug|x86
		{998CE50C-B4DA-4AC9-94ED-5E7C946A6BFA}.Release|Any CPU.ActiveCfg = Release|x86
		{998CE50C-B4DA-4AC9-94ED-5E7C946A6BFA}.Release|ARM.ActiveCfg = Release|ARM
		{998CE50C-B4DA-4AC9-94ED-5E7C946A6BFA}.Release|ARM.Build.0 = Release|ARM
		{998CE50C-B4DA-4AC9-94ED-5E7C946A6BFA}.Release|ARM.Deploy.0 = Release|ARM
		{998CE50C-B4DA-4AC9-94ED-5E7C946A6BFA}.Release|iPhone.ActiveCfg = Release|x86
		{998CE50C-B4DA-4AC9-94ED-5E7C946A6BFA}.Release|iPhoneSimulator.ActiveCfg = Release|x86
		{998CE50C-B4DA-4AC9-94ED-5E7C946A6BFA}.Release|x64.ActiveCfg = Release|x64
		{998CE50C-B4DA-4AC9-94ED-5E7C946A6BFA}.Release|x64.Build.0 = Release|x64
		{998CE50C-B4DA-4AC9-94ED-5E7C946A6BFA}.Release|x64.Deploy.0 = Release|x64
		{998CE50C-B4DA-4AC9-94ED-5E7C946A6BFA}.Release|x86.ActiveCfg = Release|x86
		{998CE50C-B4DA-4AC9-94ED-5E7C946A6BFA}.Release|x86.Build.0 = Release|x86
		{998CE50C-B4DA-4AC9-94ED-5E7C946A6BFA}.Release|x86.Deploy.0 = Release|x86
		{8041C58B-6F87-4996-BD29-540A716C6D25}.Ad-Hoc|Any CPU.ActiveCfg = Release|Any CPU
		{8041C58B-6F87-4996-BD29-540A716C6D25}.Ad-Hoc|Any CPU.Build.0 = Release|Any CPU
		{8041C58B-6F87-4996-BD29-540A716C6D25}.Ad-Hoc|Any CPU.Deploy.0 = Release|Any CPU
		{8041C58B-6F87-4996-BD29-540A716C6D25}.Ad-Hoc|ARM.ActiveCfg = Release|ARM
		{8041C58B-6F87-4996-BD29-540A716C6D25}.Ad-Hoc|ARM.Build.0 = Release|ARM
		{8041C58B-6F87-4996-BD29-540A716C6D25}.Ad-Hoc|ARM.Deploy.0 = Release|ARM
		{8041C58B-6F87-4996-BD29-540A716C6D25}.Ad-Hoc|iPhone.ActiveCfg = Release|Any CPU
		{8041C58B-6F87-4996-BD29-540A716C6D25}.Ad-Hoc|iPhone.Build.0 = Release|Any CPU
		{8041C58B-6F87-4996-BD29-540A716C6D25}.Ad-Hoc|iPhone.Deploy.0 = Release|Any CPU
		{8041C58B-6F87-4996-BD29-540A716C6D25}.Ad-Hoc|iPhoneSimulator.ActiveCfg = Release|Any CPU
		{8041C58B-6F87-4996-BD29-540A716C6D25}.Ad-Hoc|iPhoneSimulator.Build.0 = Release|Any CPU
		{8041C58B-6F87-4996-BD29-540A716C6D25}.Ad-Hoc|iPhoneSimulator.Deploy.0 = Release|Any CPU
		{8041C58B-6F87-4996-BD29-540A716C6D25}.Ad-Hoc|x64.ActiveCfg = Release|x64
		{8041C58B-6F87-4996-BD29-540A716C6D25}.Ad-Hoc|x64.Build.0 = Release|x64
		{8041C58B-6F87-4996-BD29-540A716C6D25}.Ad-Hoc|x64.Deploy.0 = Release|x64
		{8041C58B-6F87-4996-BD29-540A716C6D25}.Ad-Hoc|x86.ActiveCfg = Release|x86
		{8041C58B-6F87-4996-BD29-540A716C6D25}.Ad-Hoc|x86.Build.0 = Release|x86
		{8041C58B-6F87-4996-BD29-540A716C6D25}.Ad-Hoc|x86.Deploy.0 = Release|x86
		{8041C58B-6F87-4996-BD29-540A716C6D25}.AppStore|Any CPU.ActiveCfg = Release|Any CPU
		{8041C58B-6F87-4996-BD29-540A716C6D25}.AppStore|Any CPU.Build.0 = Release|Any CPU
		{8041C58B-6F87-4996-BD29-540A716C6D25}.AppStore|Any CPU.Deploy.0 = Release|Any CPU
		{8041C58B-6F87-4996-BD29-540A716C6D25}.AppStore|ARM.ActiveCfg = Release|ARM
		{8041C58B-6F87-4996-BD29-540A716C6D25}.AppStore|ARM.Build.0 = Release|ARM
		{8041C58B-6F87-4996-BD29-540A716C6D25}.AppStore|ARM.Deploy.0 = Release|ARM
		{8041C58B-6F87-4996-BD29-540A716C6D25}.AppStore|iPhone.ActiveCfg = Release|Any CPU
		{8041C58B-6F87-4996-BD29-540A716C6D25}.AppStore|iPhone.Build.0 = Release|Any CPU
		{8041C58B-6F87-4996-BD29-540A716C6D25}.AppStore|iPhone.Deploy.0 = Release|Any CPU
		{8041C58B-6F87-4996-BD29-540A716C6D25}.AppStore|iPhoneSimulator.ActiveCfg = Release|Any CPU
		{8041C58B-6F87-4996-BD29-540A716C6D25}.AppStore|iPhoneSimulator.Build.0 = Release|Any CPU
		{8041C58B-6F87-4996-BD29-540A716C6D25}.AppStore|iPhoneSimulator.Deploy.0 = Release|Any CPU
		{8041C58B-6F87-4996-BD29-540A716C6D25}.AppStore|x64.ActiveCfg = Release|x64
		{8041C58B-6F87-4996-BD29-540A716C6D25}.AppStore|x64.Build.0 = Release|x64
		{8041C58B-6F87-4996-BD29-540A716C6D25}.AppStore|x64.Deploy.0 = Release|x64
		{8041C58B-6F87-4996-BD29-540A716C6D25}.AppStore|x86.ActiveCfg = Release|x86
		{8041C58B-6F87-4996-BD29-540A716C6D25}.AppStore|x86.Build.0 = Release|x86
		{8041C58B-6F87-4996-BD29-540A716C6D25}.AppStore|x86.Deploy.0 = Release|x86
		{8041C58B-6F87-4996-BD29-540A716C6D25}.Debug|Any CPU.ActiveCfg = Debug|Any CPU
		{8041C58B-6F87-4996-BD29-540A716C6D25}.Debug|Any CPU.Build.0 = Debug|Any CPU
		{8041C58B-6F87-4996-BD29-540A716C6D25}.Debug|Any CPU.Deploy.0 = Debug|Any CPU
		{8041C58B-6F87-4996-BD29-540A716C6D25}.Debug|ARM.ActiveCfg = Debug|ARM
		{8041C58B-6F87-4996-BD29-540A716C6D25}.Debug|ARM.Build.0 = Debug|ARM
		{8041C58B-6F87-4996-BD29-540A716C6D25}.Debug|ARM.Deploy.0 = Debug|ARM
		{8041C58B-6F87-4996-BD29-540A716C6D25}.Debug|iPhone.ActiveCfg = Debug|Any CPU
		{8041C58B-6F87-4996-BD29-540A716C6D25}.Debug|iPhone.Build.0 = Debug|Any CPU
		{8041C58B-6F87-4996-BD29-540A716C6D25}.Debug|iPhone.Deploy.0 = Debug|Any CPU
		{8041C58B-6F87-4996-BD29-540A716C6D25}.Debug|iPhoneSimulator.ActiveCfg = Debug|Any CPU
		{8041C58B-6F87-4996-BD29-540A716C6D25}.Debug|iPhoneSimulator.Build.0 = Debug|Any CPU
		{8041C58B-6F87-4996-BD29-540A716C6D25}.Debug|iPhoneSimulator.Deploy.0 = Debug|Any CPU
		{8041C58B-6F87-4996-BD29-540A716C6D25}.Debug|x64.ActiveCfg = Debug|x64
		{8041C58B-6F87-4996-BD29-540A716C6D25}.Debug|x64.Build.0 = Debug|x64
		{8041C58B-6F87-4996-BD29-540A716C6D25}.Debug|x64.Deploy.0 = Debug|x64
		{8041C58B-6F87-4996-BD29-540A716C6D25}.Debug|x86.ActiveCfg = Debug|x86
		{8041C58B-6F87-4996-BD29-540A716C6D25}.Debug|x86.Build.0 = Debug|x86
		{8041C58B-6F87-4996-BD29-540A716C6D25}.Debug|x86.Deploy.0 = Debug|x86
		{8041C58B-6F87-4996-BD29-540A716C6D25}.Release|Any CPU.ActiveCfg = Release|Any CPU
		{8041C58B-6F87-4996-BD29-540A716C6D25}.Release|Any CPU.Build.0 = Release|Any CPU
		{8041C58B-6F87-4996-BD29-540A716C6D25}.Release|Any CPU.Deploy.0 = Release|Any CPU
		{8041C58B-6F87-4996-BD29-540A716C6D25}.Release|ARM.ActiveCfg = Release|ARM
		{8041C58B-6F87-4996-BD29-540A716C6D25}.Release|ARM.Build.0 = Release|ARM
		{8041C58B-6F87-4996-BD29-540A716C6D25}.Release|ARM.Deploy.0 = Release|ARM
		{8041C58B-6F87-4996-BD29-540A716C6D25}.Release|iPhone.ActiveCfg = Release|Any CPU
		{8041C58B-6F87-4996-BD29-540A716C6D25}.Release|iPhone.Build.0 = Release|Any CPU
		{8041C58B-6F87-4996-BD29-540A716C6D25}.Release|iPhone.Deploy.0 = Release|Any CPU
		{8041C58B-6F87-4996-BD29-540A716C6D25}.Release|iPhoneSimulator.ActiveCfg = Release|Any CPU
		{8041C58B-6F87-4996-BD29-540A716C6D25}.Release|iPhoneSimulator.Build.0 = Release|Any CPU
		{8041C58B-6F87-4996-BD29-540A716C6D25}.Release|iPhoneSimulator.Deploy.0 = Release|Any CPU
		{8041C58B-6F87-4996-BD29-540A716C6D25}.Release|x64.ActiveCfg = Release|x64
		{8041C58B-6F87-4996-BD29-540A716C6D25}.Release|x64.Build.0 = Release|x64
		{8041C58B-6F87-4996-BD29-540A716C6D25}.Release|x64.Deploy.0 = Release|x64
		{8041C58B-6F87-4996-BD29-540A716C6D25}.Release|x86.ActiveCfg = Release|x86
		{8041C58B-6F87-4996-BD29-540A716C6D25}.Release|x86.Build.0 = Release|x86
		{8041C58B-6F87-4996-BD29-540A716C6D25}.Release|x86.Deploy.0 = Release|x86
	EndGlobalSection
	GlobalSection(SolutionProperties) = preSolution
		HideSolutionNode = FALSE
	EndGlobalSection
EndGlobal
